
Microsoft Visual Studio Solution File, Format Version 12.00
# Visual Studio 15
VisualStudioVersion = 15.0.28307.572
MinimumVisualStudioVersion = 10.0.40219.1
Project("{9A19103F-16F7-4668-BE54-9A1E7A4F7556}") = "WebApi", "WebApi\WebApi.csproj", "{58AE223B-5143-433C-AF14-3649A4E1F7E2}"
EndProject
Project("{FAE04EC0-301F-11D3-BF4B-00C04F79EFBC}") = "WebApiTest", "WebApiTest\WebApiTest.csproj", "{9C66B160-7152-47F2-AF94-0E83B4A1BB1B}"
EndProject
Global
	GlobalSection(SolutionConfigurationPlatforms) = preSolution
		Debug|Any CPU = Debug|Any CPU
		Release|Any CPU = Release|Any CPU
	EndGlobalSection
	GlobalSection(ProjectConfigurationPlatforms) = postSolution
		{58AE223B-5143-433C-AF14-3649A4E1F7E2}.Debug|Any CPU.ActiveCfg = Debug|Any CPU
		{58AE223B-5143-433C-AF14-3649A4E1F7E2}.Debug|Any CPU.Build.0 = Debug|Any CPU
		{58AE223B-5143-433C-AF14-3649A4E1F7E2}.Release|Any CPU.ActiveCfg = Release|Any CPU
		{58AE223B-5143-433C-AF14-3649A4E1F7E2}.Release|Any CPU.Build.0 = Release|Any CPU
		{9C66B160-7152-47F2-AF94-0E83B4A1BB1B}.Debug|Any CPU.ActiveCfg = Debug|Any CPU
		{9C66B160-7152-47F2-AF94-0E83B4A1BB1B}.Debug|Any CPU.Build.0 = Debug|Any CPU
		{9C66B160-7152-47F2-AF94-0E83B4A1BB1B}.Release|Any CPU.ActiveCfg = Release|Any CPU
		{9C66B160-7152-47F2-AF94-0E83B4A1BB1B}.Release|Any CPU.Build.0 = Release|Any CPU
	EndGlobalSection
	GlobalSection(SolutionProperties) = preSolution
		HideSolutionNode = FALSE
	EndGlobalSection
	GlobalSection(ExtensibilityGlobals) = postSolution
		SolutionGuid = {AAB79B94-BE1A-4C45-9EEC-05D57AD81A28}
	EndGlobalSection
EndGlobal
